
Microsoft Visual Studio Solution File, Format Version 12.00
#
Project("{2150E333-8FDC-42A3-9474-1A3956D46DE8}") = "Services", "Services", "{A88CCEEC-3531-4C77-BA49-C90CDAC5E335}"
EndProject
Project("{2150E333-8FDC-42A3-9474-1A3956D46DE8}") = "Catalog", "Catalog", "{F0D932AB-A104-4847-AFAA-567FA0791C92}"
EndProject
Project("{2150E333-8FDC-42A3-9474-1A3956D46DE8}") = "Tests", "Tests", "{ABB6AC30-435A-485A-B92A-EB2E3D55D25C}"
EndProject
Project("{FAE04EC0-301F-11D3-BF4B-00C04F79EFBC}") = "NerdStore.Catalog.Domain.Tests", "tests\NerdStore.Catalog.Domain.Tests\NerdStore.Catalog.Domain.Tests.csproj", "{42D19440-A061-4C4D-BA42-53400AD3666E}"
EndProject
Project("{2150E333-8FDC-42A3-9474-1A3956D46DE8}") = "src", "src", "{BD1E0EA4-CE68-4C8C-A76D-85F726184A13}"
EndProject
Project("{2150E333-8FDC-42A3-9474-1A3956D46DE8}") = "tests", "tests", "{E96DE415-3DE4-44D3-A397-3E1E2A3C902D}"
EndProject
Project("{FAE04EC0-301F-11D3-BF4B-00C04F79EFBC}") = "NerdStore.Catalog.Tests.API", "tests\NerdStore.Catalog.Tests.API\NerdStore.Catalog.Tests.API.csproj", "{BE625A2F-6A56-4D26-83C7-BC01C22C4C85}"
EndProject
Project("{FAE04EC0-301F-11D3-BF4B-00C04F79EFBC}") = "NerdStore.Catalog.Application", "src\NerdStore.Catalog.Application\NerdStore.Catalog.Application.csproj", "{57C1EE19-550A-45E3-83B1-1B35F4A9AF6C}"
EndProject
Project("{FAE04EC0-301F-11D3-BF4B-00C04F79EFBC}") = "NerdStore.Catalog.Data", "src\NerdStore.Catalog.Data\NerdStore.Catalog.Data.csproj", "{76DB8243-A774-4889-ACF8-EC820D8EA13F}"
EndProject
Project("{FAE04EC0-301F-11D3-BF4B-00C04F79EFBC}") = "NerdStore.Catalog.Domain", "src\NerdStore.Catalog.Domain\NerdStore.Catalog.Domain.csproj", "{19837A3B-2DAD-4373-AA52-5E0B061F205A}"
EndProject
Project("{FAE04EC0-301F-11D3-BF4B-00C04F79EFBC}") = "NerdStore.Core", "src\NerdStore.Core\NerdStore.Core.csproj", "{115F3FCC-2486-4CD8-9D9A-3A147C296C1B}"
EndProject
Project("{FAE04EC0-301F-11D3-BF4B-00C04F79EFBC}") = "NerdStore.Sales.Application", "src\NerdStore.Sales.Application\NerdStore.Sales.Application.csproj", "{905F46DE-5CE6-4E52-96D1-F778274A1CB2}"
EndProject
Project("{FAE04EC0-301F-11D3-BF4B-00C04F79EFBC}") = "NerdStore.Sales.Domain", "src\NerdStore.Sales.Domain\NerdStore.Sales.Domain.csproj", "{77939068-4FF9-4EA5-8C89-65E3F0A01F1B}"
EndProject
Project("{FAE04EC0-301F-11D3-BF4B-00C04F79EFBC}") = "NerdStore.Sales.Infrastructure", "src\NerdStore.Sales.Infrastructure\NerdStore.Sales.Infrastructure.csproj", "{3E7FEFB8-23A1-41CD-8658-51891587B147}"
EndProject
Project("{FAE04EC0-301F-11D3-BF4B-00C04F79EFBC}") = "NerdStore.WebApp.MVC", "src\NerdStore.WebApp.MVC\NerdStore.WebApp.MVC.csproj", "{869A88B6-EC88-4F4B-A99B-A7EB749650B8}"
EndProject
Project("{2150E333-8FDC-42A3-9474-1A3956D46DE8}") = "Sales", "Sales", "{A3CF4B08-F446-40B7-BEDE-B561FA4C9465}"
EndProject
Project("{2150E333-8FDC-42A3-9474-1A3956D46DE8}") = "Web", "Web", "{FC79572B-3C8E-4261-8F3D-74F84CFB9C96}"
EndProject
Project("{2150E333-8FDC-42A3-9474-1A3956D46DE8}") = "Core", "Core", "{50D30CE6-5C5D-40DA-A188-62DD04B1F3CB}"
EndProject
Global
	GlobalSection(SolutionConfigurationPlatforms) = preSolution
		Debug|Any CPU = Debug|Any CPU
		Release|Any CPU = Release|Any CPU
	EndGlobalSection
	GlobalSection(NestedProjects) = preSolution
		{F0D932AB-A104-4847-AFAA-567FA0791C92} = {A88CCEEC-3531-4C77-BA49-C90CDAC5E335}
		{ABB6AC30-435A-485A-B92A-EB2E3D55D25C} = {F0D932AB-A104-4847-AFAA-567FA0791C92}
		{42D19440-A061-4C4D-BA42-53400AD3666E} = {ABB6AC30-435A-485A-B92A-EB2E3D55D25C}
		{A88CCEEC-3531-4C77-BA49-C90CDAC5E335} = {BD1E0EA4-CE68-4C8C-A76D-85F726184A13}
		{BE625A2F-6A56-4D26-83C7-BC01C22C4C85} = {E96DE415-3DE4-44D3-A397-3E1E2A3C902D}
		{A3CF4B08-F446-40B7-BEDE-B561FA4C9465} = {A88CCEEC-3531-4C77-BA49-C90CDAC5E335}
		{905F46DE-5CE6-4E52-96D1-F778274A1CB2} = {A3CF4B08-F446-40B7-BEDE-B561FA4C9465}
		{77939068-4FF9-4EA5-8C89-65E3F0A01F1B} = {A3CF4B08-F446-40B7-BEDE-B561FA4C9465}
		{3E7FEFB8-23A1-41CD-8658-51891587B147} = {A3CF4B08-F446-40B7-BEDE-B561FA4C9465}
		{57C1EE19-550A-45E3-83B1-1B35F4A9AF6C} = {F0D932AB-A104-4847-AFAA-567FA0791C92}
		{76DB8243-A774-4889-ACF8-EC820D8EA13F} = {F0D932AB-A104-4847-AFAA-567FA0791C92}
		{19837A3B-2DAD-4373-AA52-5E0B061F205A} = {F0D932AB-A104-4847-AFAA-567FA0791C92}
		{FC79572B-3C8E-4261-8F3D-74F84CFB9C96} = {BD1E0EA4-CE68-4C8C-A76D-85F726184A13}
		{869A88B6-EC88-4F4B-A99B-A7EB749650B8} = {FC79572B-3C8E-4261-8F3D-74F84CFB9C96}
		{50D30CE6-5C5D-40DA-A188-62DD04B1F3CB} = {A88CCEEC-3531-4C77-BA49-C90CDAC5E335}
		{115F3FCC-2486-4CD8-9D9A-3A147C296C1B} = {50D30CE6-5C5D-40DA-A188-62DD04B1F3CB}
	EndGlobalSection
	GlobalSection(ProjectConfigurationPlatforms) = postSolution
		{42D19440-A061-4C4D-BA42-53400AD3666E}.Debug|Any CPU.ActiveCfg = Debug|Any CPU
		{42D19440-A061-4C4D-BA42-53400AD3666E}.Debug|Any CPU.Build.0 = Debug|Any CPU
		{42D19440-A061-4C4D-BA42-53400AD3666E}.Release|Any CPU.ActiveCfg = Release|Any CPU
		{42D19440-A061-4C4D-BA42-53400AD3666E}.Release|Any CPU.Build.0 = Release|Any CPU
		{BE625A2F-6A56-4D26-83C7-BC01C22C4C85}.Debug|Any CPU.ActiveCfg = Debug|Any CPU
		{BE625A2F-6A56-4D26-83C7-BC01C22C4C85}.Debug|Any CPU.Build.0 = Debug|Any CPU
		{BE625A2F-6A56-4D26-83C7-BC01C22C4C85}.Release|Any CPU.ActiveCfg = Release|Any CPU
		{BE625A2F-6A56-4D26-83C7-BC01C22C4C85}.Release|Any CPU.Build.0 = Release|Any CPU
		{57C1EE19-550A-45E3-83B1-1B35F4A9AF6C}.Debug|Any CPU.ActiveCfg = Debug|Any CPU
		{57C1EE19-550A-45E3-83B1-1B35F4A9AF6C}.Debug|Any CPU.Build.0 = Debug|Any CPU
		{57C1EE19-550A-45E3-83B1-1B35F4A9AF6C}.Release|Any CPU.ActiveCfg = Release|Any CPU
		{57C1EE19-550A-45E3-83B1-1B35F4A9AF6C}.Release|Any CPU.Build.0 = Release|Any CPU
		{76DB8243-A774-4889-ACF8-EC820D8EA13F}.Debug|Any CPU.ActiveCfg = Debug|Any CPU
		{76DB8243-A774-4889-ACF8-EC820D8EA13F}.Debug|Any CPU.Build.0 = Debug|Any CPU
		{76DB8243-A774-4889-ACF8-EC820D8EA13F}.Release|Any CPU.ActiveCfg = Release|Any CPU
		{76DB8243-A774-4889-ACF8-EC820D8EA13F}.Release|Any CPU.Build.0 = Release|Any CPU
		{19837A3B-2DAD-4373-AA52-5E0B061F205A}.Debug|Any CPU.ActiveCfg = Debug|Any CPU
		{19837A3B-2DAD-4373-AA52-5E0B061F205A}.Debug|Any CPU.Build.0 = Debug|Any CPU
		{19837A3B-2DAD-4373-AA52-5E0B061F205A}.Release|Any CPU.ActiveCfg = Release|Any CPU
		{19837A3B-2DAD-4373-AA52-5E0B061F205A}.Release|Any CPU.Build.0 = Release|Any CPU
		{115F3FCC-2486-4CD8-9D9A-3A147C296C1B}.Debug|Any CPU.ActiveCfg = Debug|Any CPU
		{115F3FCC-2486-4CD8-9D9A-3A147C296C1B}.Debug|Any CPU.Build.0 = Debug|Any CPU
		{115F3FCC-2486-4CD8-9D9A-3A147C296C1B}.Release|Any CPU.ActiveCfg = Release|Any CPU
		{115F3FCC-2486-4CD8-9D9A-3A147C296C1B}.Release|Any CPU.Build.0 = Release|Any CPU
		{905F46DE-5CE6-4E52-96D1-F778274A1CB2}.Debug|Any CPU.ActiveCfg = Debug|Any CPU
		{905F46DE-5CE6-4E52-96D1-F778274A1CB2}.Debug|Any CPU.Build.0 = Debug|Any CPU
		{905F46DE-5CE6-4E52-96D1-F778274A1CB2}.Release|Any CPU.ActiveCfg = Release|Any CPU
		{905F46DE-5CE6-4E52-96D1-F778274A1CB2}.Release|Any CPU.Build.0 = Release|Any CPU
		{77939068-4FF9-4EA5-8C89-65E3F0A01F1B}.Debug|Any CPU.ActiveCfg = Debug|Any CPU
		{77939068-4FF9-4EA5-8C89-65E3F0A01F1B}.Debug|Any CPU.Build.0 = Debug|Any CPU
		{77939068-4FF9-4EA5-8C89-65E3F0A01F1B}.Release|Any CPU.ActiveCfg = Release|Any CPU
		{77939068-4FF9-4EA5-8C89-65E3F0A01F1B}.Release|Any CPU.Build.0 = Release|Any CPU
		{3E7FEFB8-23A1-41CD-8658-51891587B147}.Debug|Any CPU.ActiveCfg = Debug|Any CPU
		{3E7FEFB8-23A1-41CD-8658-51891587B147}.Debug|Any CPU.Build.0 = Debug|Any CPU
		{3E7FEFB8-23A1-41CD-8658-51891587B147}.Release|Any CPU.ActiveCfg = Release|Any CPU
		{3E7FEFB8-23A1-41CD-8658-51891587B147}.Release|Any CPU.Build.0 = Release|Any CPU
		{869A88B6-EC88-4F4B-A99B-A7EB749650B8}.Debug|Any CPU.ActiveCfg = Debug|Any CPU
		{869A88B6-EC88-4F4B-A99B-A7EB749650B8}.Debug|Any CPU.Build.0 = Debug|Any CPU
		{869A88B6-EC88-4F4B-A99B-A7EB749650B8}.Release|Any CPU.ActiveCfg = Release|Any CPU
		{869A88B6-EC88-4F4B-A99B-A7EB749650B8}.Release|Any CPU.Build.0 = Release|Any CPU
	EndGlobalSection
EndGlobal
